
Microsoft Visual Studio Solution File, Format Version 12.00
# Visual Studio 15
VisualStudioVersion = 15.0.26124.0
MinimumVisualStudioVersion = 15.0.26124.0
Project("{2150E333-8FDC-42A3-9474-1A3956D46DE8}") = "src", "src", "{94273F0D-38AE-4A95-A548-25B3A3B01811}"
EndProject
Project("{FAE04EC0-301F-11D3-BF4B-00C04F79EFBC}") = "McmBlog", "src\McmBlog\McmBlog.csproj", "{F1C613E5-881B-47B9-9D24-5211768DC3D8}"
EndProject
Project("{2150E333-8FDC-42A3-9474-1A3956D46DE8}") = "test", "test", "{C3196B32-EBD7-477B-8020-1203FAB4E6E3}"
EndProject
Project("{FAE04EC0-301F-11D3-BF4B-00C04F79EFBC}") = "McmBlog.TEST", "test\McmBlog.TEST\McmBlog.TEST.csproj", "{AE5A1DA8-A1EE-46EC-B32A-45B06A0C9970}"
EndProject
Global
	GlobalSection(SolutionConfigurationPlatforms) = preSolution
		Debug|Any CPU = Debug|Any CPU
		Debug|x64 = Debug|x64
		Debug|x86 = Debug|x86
		Release|Any CPU = Release|Any CPU
		Release|x64 = Release|x64
		Release|x86 = Release|x86
	EndGlobalSection
	GlobalSection(SolutionProperties) = preSolution
		HideSolutionNode = FALSE
	EndGlobalSection
	GlobalSection(ProjectConfigurationPlatforms) = postSolution
		{F1C613E5-881B-47B9-9D24-5211768DC3D8}.Debug|Any CPU.ActiveCfg = Debug|Any CPU
		{F1C613E5-881B-47B9-9D24-5211768DC3D8}.Debug|Any CPU.Build.0 = Debug|Any CPU
		{F1C613E5-881B-47B9-9D24-5211768DC3D8}.Debug|x64.ActiveCfg = Debug|Any CPU
		{F1C613E5-881B-47B9-9D24-5211768DC3D8}.Debug|x64.Build.0 = Debug|Any CPU
		{F1C613E5-881B-47B9-9D24-5211768DC3D8}.Debug|x86.ActiveCfg = Debug|Any CPU
		{F1C613E5-881B-47B9-9D24-5211768DC3D8}.Debug|x86.Build.0 = Debug|Any CPU
		{F1C613E5-881B-47B9-9D24-5211768DC3D8}.Release|Any CPU.ActiveCfg = Release|Any CPU
		{F1C613E5-881B-47B9-9D24-5211768DC3D8}.Release|Any CPU.Build.0 = Release|Any CPU
		{F1C613E5-881B-47B9-9D24-5211768DC3D8}.Release|x64.ActiveCfg = Release|Any CPU
		{F1C613E5-881B-47B9-9D24-5211768DC3D8}.Release|x64.Build.0 = Release|Any CPU
		{F1C613E5-881B-47B9-9D24-5211768DC3D8}.Release|x86.ActiveCfg = Release|Any CPU
		{F1C613E5-881B-47B9-9D24-5211768DC3D8}.Release|x86.Build.0 = Release|Any CPU
		{AE5A1DA8-A1EE-46EC-B32A-45B06A0C9970}.Debug|Any CPU.ActiveCfg = Debug|Any CPU
		{AE5A1DA8-A1EE-46EC-B32A-45B06A0C9970}.Debug|Any CPU.Build.0 = Debug|Any CPU
		{AE5A1DA8-A1EE-46EC-B32A-45B06A0C9970}.Debug|x64.ActiveCfg = Debug|Any CPU
		{AE5A1DA8-A1EE-46EC-B32A-45B06A0C9970}.Debug|x64.Build.0 = Debug|Any CPU
		{AE5A1DA8-A1EE-46EC-B32A-45B06A0C9970}.Debug|x86.ActiveCfg = Debug|Any CPU
		{AE5A1DA8-A1EE-46EC-B32A-45B06A0C9970}.Debug|x86.Build.0 = Debug|Any CPU
		{AE5A1DA8-A1EE-46EC-B32A-45B06A0C9970}.Release|Any CPU.ActiveCfg = Release|Any CPU
		{AE5A1DA8-A1EE-46EC-B32A-45B06A0C9970}.Release|Any CPU.Build.0 = Release|Any CPU
		{AE5A1DA8-A1EE-46EC-B32A-45B06A0C9970}.Release|x64.ActiveCfg = Release|Any CPU
		{AE5A1DA8-A1EE-46EC-B32A-45B06A0C9970}.Release|x64.Build.0 = Release|Any CPU
		{AE5A1DA8-A1EE-46EC-B32A-45B06A0C9970}.Release|x86.ActiveCfg = Release|Any CPU
		{AE5A1DA8-A1EE-46EC-B32A-45B06A0C9970}.Release|x86.Build.0 = Release|Any CPU
	EndGlobalSection
	GlobalSection(NestedProjects) = preSolution
		{F1C613E5-881B-47B9-9D24-5211768DC3D8} = {94273F0D-38AE-4A95-A548-25B3A3B01811}
		{AE5A1DA8-A1EE-46EC-B32A-45B06A0C9970} = {C3196B32-EBD7-477B-8020-1203FAB4E6E3}
	EndGlobalSection
EndGlobal
